
Microsoft Visual Studio Solution File, Format Version 12.00
# Visual Studio 2017
Project("{FAE04EC0-301F-11D3-BF4B-00C04F79EFBC}") = "Salvos", "Salvos.csproj", "{5890B502-9633-716F-2713-D5BF912A955D}"
EndProject
Project("{FAE04EC0-301F-11D3-BF4B-00C04F79EFBC}") = "Salvos.Editor", "Salvos.Editor.csproj", "{3C3F7172-BA50-D257-050F-A15597D5EDBD}"
EndProject
Global
	GlobalSection(SolutionConfigurationPlatforms) = preSolution
		Debug|Any CPU = Debug|Any CPU
		Release|Any CPU = Release|Any CPU
	EndGlobalSection
	GlobalSection(ProjectConfigurationPlatforms) = postSolution
		{5890B502-9633-716F-2713-D5BF912A955D}.Debug|Any CPU.ActiveCfg = Debug|Any CPU
		{5890B502-9633-716F-2713-D5BF912A955D}.Debug|Any CPU.Build.0 = Debug|Any CPU
		{5890B502-9633-716F-2713-D5BF912A955D}.Release|Any CPU.ActiveCfg = Release|Any CPU
		{5890B502-9633-716F-2713-D5BF912A955D}.Release|Any CPU.Build.0 = Release|Any CPU
		{3C3F7172-BA50-D257-050F-A15597D5EDBD}.Debug|Any CPU.ActiveCfg = Debug|Any CPU
		{3C3F7172-BA50-D257-050F-A15597D5EDBD}.Debug|Any CPU.Build.0 = Debug|Any CPU
		{3C3F7172-BA50-D257-050F-A15597D5EDBD}.Release|Any CPU.ActiveCfg = Release|Any CPU
		{3C3F7172-BA50-D257-050F-A15597D5EDBD}.Release|Any CPU.Build.0 = Release|Any CPU
	EndGlobalSection
	GlobalSection(SolutionProperties) = preSolution
		HideSolutionNode = FALSE
	EndGlobalSection
EndGlobal
