
Microsoft Visual Studio Solution File, Format Version 12.00
# Visual Studio 15
Project("{FAE04EC0-301F-11D3-BF4B-00C04F79EFBC}") = "Salvos", "Assembly-CSharp.csproj", "{35DF4B3F-FCB6-30C8-1DC1-0DCEC0BDAC49}"
EndProject
Project("{FAE04EC0-301F-11D3-BF4B-00C04F79EFBC}") = "Salvos", "Assembly-CSharp-Editor.csproj", "{B939B2C3-D67E-6DB6-13A4-9E6C820DFC39}"
EndProject
Global
	GlobalSection(SolutionConfigurationPlatforms) = preSolution
		Debug|Any CPU = Debug|Any CPU
		Release|Any CPU = Release|Any CPU
	EndGlobalSection
	GlobalSection(ProjectConfigurationPlatforms) = postSolution
		{35DF4B3F-FCB6-30C8-1DC1-0DCEC0BDAC49}.Debug|Any CPU.ActiveCfg = Debug|Any CPU
		{35DF4B3F-FCB6-30C8-1DC1-0DCEC0BDAC49}.Debug|Any CPU.Build.0 = Debug|Any CPU
		{35DF4B3F-FCB6-30C8-1DC1-0DCEC0BDAC49}.Release|Any CPU.ActiveCfg = Release|Any CPU
		{35DF4B3F-FCB6-30C8-1DC1-0DCEC0BDAC49}.Release|Any CPU.Build.0 = Release|Any CPU
		{B939B2C3-D67E-6DB6-13A4-9E6C820DFC39}.Debug|Any CPU.ActiveCfg = Debug|Any CPU
		{B939B2C3-D67E-6DB6-13A4-9E6C820DFC39}.Debug|Any CPU.Build.0 = Debug|Any CPU
		{B939B2C3-D67E-6DB6-13A4-9E6C820DFC39}.Release|Any CPU.ActiveCfg = Release|Any CPU
		{B939B2C3-D67E-6DB6-13A4-9E6C820DFC39}.Release|Any CPU.Build.0 = Release|Any CPU
	EndGlobalSection
	GlobalSection(SolutionProperties) = preSolution
		HideSolutionNode = FALSE
	EndGlobalSection
EndGlobal
